
Microsoft Visual Studio Solution File, Format Version 12.00
# Visual Studio Version 16
VisualStudioVersion = 16.0.32106.194
MinimumVisualStudioVersion = 10.0.40219.1
Project("{8BC9CEB8-8B4A-11D0-8D11-00A0C91BC942}") = "moirai_test", "moirai_test\moirai_test.vcxproj", "{0FE5252C-1C73-4A14-8BE9-123B75BD800F}"
	ProjectSection(ProjectDependencies) = postProject
		{AAE11187-877B-4AC5-90A8-9BB6B3DE08EB} = {AAE11187-877B-4AC5-90A8-9BB6B3DE08EB}
	EndProjectSection
EndProject
Project("{8BC9CEB8-8B4A-11D0-8D11-00A0C91BC942}") = "moirai_test_lib", "moirai_test_lib\moirai_test_lib.vcxproj", "{AAE11187-877B-4AC5-90A8-9BB6B3DE08EB}"
	ProjectSection(ProjectDependencies) = postProject
		{4BE41F57-7A6F-452F-936E-E3875B5D63C7} = {4BE41F57-7A6F-452F-936E-E3875B5D63C7}
	EndProjectSection
EndProject
Project("{8BC9CEB8-8B4A-11D0-8D11-00A0C91BC942}") = "moirai_test_api", "moirai_test_api\moirai_test_api.vcxproj", "{06E75367-F3F8-4BE4-8F94-8B5FDC5CA24D}"
	ProjectSection(ProjectDependencies) = postProject
		{B1929000-8372-472E-9CE5-E6772B74697B} = {B1929000-8372-472E-9CE5-E6772B74697B}
		{B4E0D755-0844-4C4A-96F9-AD10391B653C} = {B4E0D755-0844-4C4A-96F9-AD10391B653C}
		{AAE11187-877B-4AC5-90A8-9BB6B3DE08EB} = {AAE11187-877B-4AC5-90A8-9BB6B3DE08EB}
	EndProjectSection
EndProject
Project("{8BC9CEB8-8B4A-11D0-8D11-00A0C91BC942}") = "moirai_test_lib_b", "moirai_test_lib_b\moirai_test_lib_b.vcxproj", "{B4E0D755-0844-4C4A-96F9-AD10391B653C}"
	ProjectSection(ProjectDependencies) = postProject
		{4BE41F57-7A6F-452F-936E-E3875B5D63C7} = {4BE41F57-7A6F-452F-936E-E3875B5D63C7}
	EndProjectSection
EndProject
Project("{8BC9CEB8-8B4A-11D0-8D11-00A0C91BC942}") = "moirai_test_lib_a", "moirai_test_lib_a\moirai_test_lib_a.vcxproj", "{B1929000-8372-472E-9CE5-E6772B74697B}"
	ProjectSection(ProjectDependencies) = postProject
		{B4E0D755-0844-4C4A-96F9-AD10391B653C} = {B4E0D755-0844-4C4A-96F9-AD10391B653C}
	EndProjectSection
EndProject
Project("{8BC9CEB8-8B4A-11D0-8D11-00A0C91BC942}") = "moirai", "..\src\moirai.vcxproj", "{4BE41F57-7A6F-452F-936E-E3875B5D63C7}"
EndProject
Global
	GlobalSection(SolutionConfigurationPlatforms) = preSolution
		Debug|Win32 = Debug|Win32
		Debug|x64 = Debug|x64
		Release|Win32 = Release|Win32
		Release|x64 = Release|x64
	EndGlobalSection
	GlobalSection(ProjectConfigurationPlatforms) = postSolution
		{0FE5252C-1C73-4A14-8BE9-123B75BD800F}.Debug|Win32.ActiveCfg = Debug|Win32
		{0FE5252C-1C73-4A14-8BE9-123B75BD800F}.Debug|Win32.Build.0 = Debug|Win32
		{0FE5252C-1C73-4A14-8BE9-123B75BD800F}.Debug|x64.ActiveCfg = Debug|x64
		{0FE5252C-1C73-4A14-8BE9-123B75BD800F}.Debug|x64.Build.0 = Debug|x64
		{0FE5252C-1C73-4A14-8BE9-123B75BD800F}.Release|Win32.ActiveCfg = Release|Win32
		{0FE5252C-1C73-4A14-8BE9-123B75BD800F}.Release|Win32.Build.0 = Release|Win32
		{0FE5252C-1C73-4A14-8BE9-123B75BD800F}.Release|x64.ActiveCfg = Release|x64
		{0FE5252C-1C73-4A14-8BE9-123B75BD800F}.Release|x64.Build.0 = Release|x64
		{AAE11187-877B-4AC5-90A8-9BB6B3DE08EB}.Debug|Win32.ActiveCfg = Debug|Win32
		{AAE11187-877B-4AC5-90A8-9BB6B3DE08EB}.Debug|Win32.Build.0 = Debug|Win32
		{AAE11187-877B-4AC5-90A8-9BB6B3DE08EB}.Debug|x64.ActiveCfg = Debug|x64
		{AAE11187-877B-4AC5-90A8-9BB6B3DE08EB}.Debug|x64.Build.0 = Debug|x64
		{AAE11187-877B-4AC5-90A8-9BB6B3DE08EB}.Release|Win32.ActiveCfg = Release|Win32
		{AAE11187-877B-4AC5-90A8-9BB6B3DE08EB}.Release|Win32.Build.0 = Release|Win32
		{AAE11187-877B-4AC5-90A8-9BB6B3DE08EB}.Release|x64.ActiveCfg = Release|x64
		{AAE11187-877B-4AC5-90A8-9BB6B3DE08EB}.Release|x64.Build.0 = Release|x64
		{06E75367-F3F8-4BE4-8F94-8B5FDC5CA24D}.Debug|Win32.ActiveCfg = Debug|Win32
		{06E75367-F3F8-4BE4-8F94-8B5FDC5CA24D}.Debug|Win32.Build.0 = Debug|Win32
		{06E75367-F3F8-4BE4-8F94-8B5FDC5CA24D}.Debug|x64.ActiveCfg = Debug|x64
		{06E75367-F3F8-4BE4-8F94-8B5FDC5CA24D}.Debug|x64.Build.0 = Debug|x64
		{06E75367-F3F8-4BE4-8F94-8B5FDC5CA24D}.Release|Win32.ActiveCfg = Release|Win32
		{06E75367-F3F8-4BE4-8F94-8B5FDC5CA24D}.Release|Win32.Build.0 = Release|Win32
		{06E75367-F3F8-4BE4-8F94-8B5FDC5CA24D}.Release|x64.ActiveCfg = Release|x64
		{06E75367-F3F8-4BE4-8F94-8B5FDC5CA24D}.Release|x64.Build.0 = Release|x64
		{B4E0D755-0844-4C4A-96F9-AD10391B653C}.Debug|Win32.ActiveCfg = Debug|Win32
		{B4E0D755-0844-4C4A-96F9-AD10391B653C}.Debug|Win32.Build.0 = Debug|Win32
		{B4E0D755-0844-4C4A-96F9-AD10391B653C}.Debug|x64.ActiveCfg = Debug|x64
		{B4E0D755-0844-4C4A-96F9-AD10391B653C}.Debug|x64.Build.0 = Debug|x64
		{B4E0D755-0844-4C4A-96F9-AD10391B653C}.Release|Win32.ActiveCfg = Release|Win32
		{B4E0D755-0844-4C4A-96F9-AD10391B653C}.Release|Win32.Build.0 = Release|Win32
		{B4E0D755-0844-4C4A-96F9-AD10391B653C}.Release|x64.ActiveCfg = Release|x64
		{B4E0D755-0844-4C4A-96F9-AD10391B653C}.Release|x64.Build.0 = Release|x64
		{B1929000-8372-472E-9CE5-E6772B74697B}.Debug|Win32.ActiveCfg = Debug|Win32
		{B1929000-8372-472E-9CE5-E6772B74697B}.Debug|Win32.Build.0 = Debug|Win32
		{B1929000-8372-472E-9CE5-E6772B74697B}.Debug|x64.ActiveCfg = Debug|x64
		{B1929000-8372-472E-9CE5-E6772B74697B}.Debug|x64.Build.0 = Debug|x64
		{B1929000-8372-472E-9CE5-E6772B74697B}.Release|Win32.ActiveCfg = Release|Win32
		{B1929000-8372-472E-9CE5-E6772B74697B}.Release|Win32.Build.0 = Release|Win32
		{B1929000-8372-472E-9CE5-E6772B74697B}.Release|x64.ActiveCfg = Release|x64
		{B1929000-8372-472E-9CE5-E6772B74697B}.Release|x64.Build.0 = Release|x64
		{4BE41F57-7A6F-452F-936E-E3875B5D63C7}.Debug|Win32.ActiveCfg = Debug|Win32
		{4BE41F57-7A6F-452F-936E-E3875B5D63C7}.Debug|Win32.Build.0 = Debug|Win32
		{4BE41F57-7A6F-452F-936E-E3875B5D63C7}.Debug|x64.ActiveCfg = Debug|x64
		{4BE41F57-7A6F-452F-936E-E3875B5D63C7}.Debug|x64.Build.0 = Debug|x64
		{4BE41F57-7A6F-452F-936E-E3875B5D63C7}.Release|Win32.ActiveCfg = Release|Win32
		{4BE41F57-7A6F-452F-936E-E3875B5D63C7}.Release|Win32.Build.0 = Release|Win32
		{4BE41F57-7A6F-452F-936E-E3875B5D63C7}.Release|x64.ActiveCfg = Release|x64
		{4BE41F57-7A6F-452F-936E-E3875B5D63C7}.Release|x64.Build.0 = Release|x64
	EndGlobalSection
	GlobalSection(SolutionProperties) = preSolution
		HideSolutionNode = FALSE
	EndGlobalSection
	GlobalSection(ExtensibilityGlobals) = postSolution
		SolutionGuid = {45855B6F-F7F0-406B-BEE2-BD5C1509B51C}
	EndGlobalSection
EndGlobal
